// !$*UTF8*$!
{
	archiveVersion = 1;
	classes = {
	};
	objectVersion = 46;
	objects = {

/* Begin PBXBuildFile section */
		33B138CA1B70A703004EA3DC /* PlaySoundsViewController.swift in Sources */ = {isa = PBXBuildFile; fileRef = 33B138C91B70A703004EA3DC /* PlaySoundsViewController.swift */; };
		33D2390C1B6093C4007305C3 /* AppDelegate.swift in Sources */ = {isa = PBXBuildFile; fileRef = 33D2390B1B6093C4007305C3 /* AppDelegate.swift */; };
		33D2390E1B6093C4007305C3 /* RecordSoundsViewController.swift in Sources */ = {isa = PBXBuildFile; fileRef = 33D2390D1B6093C4007305C3 /* RecordSoundsViewController.swift */; };
		33D239111B6093C4007305C3 /* Main.storyboard in Resources */ = {isa = PBXBuildFile; fileRef = 33D2390F1B6093C4007305C3 /* Main.storyboard */; };
		33D239131B6093C4007305C3 /* Images.xcassets in Resources */ = {isa = PBXBuildFile; fileRef = 33D239121B6093C4007305C3 /* Images.xcassets */; };
		33D239161B6093C4007305C3 /* LaunchScreen.xib in Resources */ = {isa = PBXBuildFile; fileRef = 33D239141B6093C4007305C3 /* LaunchScreen.xib */; };
		33D239221B6093C5007305C3 /* Pitch_PerfectTests.swift in Sources */ = {isa = PBXBuildFile; fileRef = 33D239211B6093C5007305C3 /* Pitch_PerfectTests.swift */; };
		33E874FC1B71CB6F00E428BA /* RecordedAudio.swift in Sources */ = {isa = PBXBuildFile; fileRef = 33E874FB1B71CB6F00E428BA /* RecordedAudio.swift */; };
		33FB91BA1B75D88300E36CBD /* README.md in Sources */ = {isa = PBXBuildFile; fileRef = 33FB91B91B75D88300E36CBD /* README.md */; };
/* End PBXBuildFile section */

/* Begin PBXContainerItemProxy section */
		33D2391C1B6093C5007305C3 /* PBXContainerItemProxy */ = {
			isa = PBXContainerItemProxy;
			containerPortal = 33D238FE1B6093C4007305C3 /* Project object */;
			proxyType = 1;
			remoteGlobalIDString = 33D239051B6093C4007305C3;
			remoteInfo = "Pitch Perfect";
		};
/* End PBXContainerItemProxy section */

/* Begin PBXFileReference section */
		33B138C91B70A703004EA3DC /* PlaySoundsViewController.swift */ = {isa = PBXFileReference; fileEncoding = 4; lastKnownFileType = sourcecode.swift; path = PlaySoundsViewController.swift; sourceTree = "<group>"; };
		33D239061B6093C4007305C3 /* Pitch Perfect.app */ = {isa = PBXFileReference; explicitFileType = wrapper.application; includeInIndex = 0; path = "Pitch Perfect.app"; sourceTree = BUILT_PRODUCTS_DIR; };
		33D2390A1B6093C4007305C3 /* Info.plist */ = {isa = PBXFileReference; lastKnownFileType = text.plist.xml; path = Info.plist; sourceTree = "<group>"; };
		33D2390B1B6093C4007305C3 /* AppDelegate.swift */ = {isa = PBXFileReference; lastKnownFileType = sourcecode.swift; path = AppDelegate.swift; sourceTree = "<group>"; };
		33D2390D1B6093C4007305C3 /* RecordSoundsViewController.swift */ = {isa = PBXFileReference; lastKnownFileType = sourcecode.swift; path = RecordSoundsViewController.swift; sourceTree = "<group>"; };
		33D239101B6093C4007305C3 /* Base */ = {isa = PBXFileReference; lastKnownFileType = file.storyboard; name = Base; path = Base.lproj/Main.storyboard; sourceTree = "<group>"; };
		33D239121B6093C4007305C3 /* Images.xcassets */ = {isa = PBXFileReference; lastKnownFileType = folder.assetcatalog; path = Images.xcassets; sourceTree = "<group>"; };
		33D239151B6093C4007305C3 /* Base */ = {isa = PBXFileReference; lastKnownFileType = file.xib; name = Base; path = Base.lproj/LaunchScreen.xib; sourceTree = "<group>"; };
		33D2391B1B6093C5007305C3 /* Pitch PerfectTests.xctest */ = {isa = PBXFileReference; explicitFileType = wrapper.cfbundle; includeInIndex = 0; path = "Pitch PerfectTests.xctest"; sourceTree = BUILT_PRODUCTS_DIR; };
		33D239201B6093C5007305C3 /* Info.plist */ = {isa = PBXFileReference; lastKnownFileType = text.plist.xml; path = Info.plist; sourceTree = "<group>"; };
		33D239211B6093C5007305C3 /* Pitch_PerfectTests.swift */ = {isa = PBXFileReference; lastKnownFileType = sourcecode.swift; path = Pitch_PerfectTests.swift; sourceTree = "<group>"; };
		33E874FB1B71CB6F00E428BA /* RecordedAudio.swift */ = {isa = PBXFileReference; fileEncoding = 4; lastKnownFileType = sourcecode.swift; path = RecordedAudio.swift; sourceTree = "<group>"; };
		33FB91B91B75D88300E36CBD /* README.md */ = {isa = PBXFileReference; fileEncoding = 4; lastKnownFileType = net.daringfireball.markdown; path = README.md; sourceTree = "<group>"; };
/* End PBXFileReference section */

/* Begin PBXFrameworksBuildPhase section */
		33D239031B6093C4007305C3 /* Frameworks */ = {
			isa = PBXFrameworksBuildPhase;
			buildActionMask = 2147483647;
			files = (
			);
			runOnlyForDeploymentPostprocessing = 0;
		};
		33D239181B6093C5007305C3 /* Frameworks */ = {
			isa = PBXFrameworksBuildPhase;
			buildActionMask = 2147483647;
			files = (
			);
			runOnlyForDeploymentPostprocessing = 0;
		};
/* End PBXFrameworksBuildPhase section */

/* Begin PBXGroup section */
		33D238FD1B6093C4007305C3 = {
			isa = PBXGroup;
			children = (
				33D239081B6093C4007305C3 /* Pitch Perfect */,
				33D2391E1B6093C5007305C3 /* Pitch PerfectTests */,
				33D239071B6093C4007305C3 /* Products */,
			);
			sourceTree = "<group>";
		};
		33D239071B6093C4007305C3 /* Products */ = {
			isa = PBXGroup;
			children = (
				33D239061B6093C4007305C3 /* Pitch Perfect.app */,
				33D2391B1B6093C5007305C3 /* Pitch PerfectTests.xctest */,
			);
			name = Products;
			sourceTree = "<group>";
		};
		33D239081B6093C4007305C3 /* Pitch Perfect */ = {
			isa = PBXGroup;
			children = (
				33D2390B1B6093C4007305C3 /* AppDelegate.swift */,
				33D2390D1B6093C4007305C3 /* RecordSoundsViewController.swift */,
				33E874FB1B71CB6F00E428BA /* RecordedAudio.swift */,
				33D2390F1B6093C4007305C3 /* Main.storyboard */,
				33B138C91B70A703004EA3DC /* PlaySoundsViewController.swift */,
				33D239121B6093C4007305C3 /* Images.xcassets */,
				33D239141B6093C4007305C3 /* LaunchScreen.xib */,
				33D239091B6093C4007305C3 /* Supporting Files */,
			);
			path = "Pitch Perfect";
			sourceTree = "<group>";
		};
		33D239091B6093C4007305C3 /* Supporting Files */ = {
			isa = PBXGroup;
			children = (
				33FB91B91B75D88300E36CBD /* README.md */,
				33D2390A1B6093C4007305C3 /* Info.plist */,
			);
			name = "Supporting Files";
			sourceTree = "<group>";
		};
		33D2391E1B6093C5007305C3 /* Pitch PerfectTests */ = {
			isa = PBXGroup;
			children = (
				33D239211B6093C5007305C3 /* Pitch_PerfectTests.swift */,
				33D2391F1B6093C5007305C3 /* Supporting Files */,
			);
			path = "Pitch PerfectTests";
			sourceTree = "<group>";
		};
		33D2391F1B6093C5007305C3 /* Supporting Files */ = {
			isa = PBXGroup;
			children = (
				33D239201B6093C5007305C3 /* Info.plist */,
			);
			name = "Supporting Files";
			sourceTree = "<group>";
		};
/* End PBXGroup section */

/* Begin PBXNativeTarget section */
		33D239051B6093C4007305C3 /* Pitch Perfect */ = {
			isa = PBXNativeTarget;
			buildConfigurationList = 33D239251B6093C5007305C3 /* Build configuration list for PBXNativeTarget "Pitch Perfect" */;
			buildPhases = (
				33D239021B6093C4007305C3 /* Sources */,
				33D239031B6093C4007305C3 /* Frameworks */,
				33D239041B6093C4007305C3 /* Resources */,
			);
			buildRules = (
			);
			dependencies = (
			);
			name = "Pitch Perfect";
			productName = "Pitch Perfect";
			productReference = 33D239061B6093C4007305C3 /* Pitch Perfect.app */;
			productType = "com.apple.product-type.application";
		};
		33D2391A1B6093C5007305C3 /* Pitch PerfectTests */ = {
			isa = PBXNativeTarget;
			buildConfigurationList = 33D239281B6093C5007305C3 /* Build configuration list for PBXNativeTarget "Pitch PerfectTests" */;
			buildPhases = (
				33D239171B6093C5007305C3 /* Sources */,
				33D239181B6093C5007305C3 /* Frameworks */,
				33D239191B6093C5007305C3 /* Resources */,
			);
			buildRules = (
			);
			dependencies = (
				33D2391D1B6093C5007305C3 /* PBXTargetDependency */,
			);
			name = "Pitch PerfectTests";
			productName = "Pitch PerfectTests";
			productReference = 33D2391B1B6093C5007305C3 /* Pitch PerfectTests.xctest */;
			productType = "com.apple.product-type.bundle.unit-test";
		};
/* End PBXNativeTarget section */

/* Begin PBXProject section */
		33D238FE1B6093C4007305C3 /* Project object */ = {
			isa = PBXProject;
			attributes = {
				LastUpgradeCheck = 0640;
				ORGANIZATIONNAME = "Danilo Fiorenzano";
				TargetAttributes = {
					33D239051B6093C4007305C3 = {
						CreatedOnToolsVersion = 6.4;
						DevelopmentTeam = 98554865FX;
					};
					33D2391A1B6093C5007305C3 = {
						CreatedOnToolsVersion = 6.4;
						TestTargetID = 33D239051B6093C4007305C3;
					};
				};
			};
			buildConfigurationList = 33D239011B6093C4007305C3 /* Build configuration list for PBXProject "Pitch Perfect" */;
			compatibilityVersion = "Xcode 3.2";
			developmentRegion = English;
			hasScannedForEncodings = 0;
			knownRegions = (
				en,
				Base,
			);
			mainGroup = 33D238FD1B6093C4007305C3;
			productRefGroup = 33D239071B6093C4007305C3 /* Products */;
			projectDirPath = "";
			projectRoot = "";
			targets = (
				33D239051B6093C4007305C3 /* Pitch Perfect */,
				33D2391A1B6093C5007305C3 /* Pitch PerfectTests */,
			);
		};
/* End PBXProject section */

/* Begin PBXResourcesBuildPhase section */
		33D239041B6093C4007305C3 /* Resources */ = {
			isa = PBXResourcesBuildPhase;
			buildActionMask = 2147483647;
			files = (
				33D239111B6093C4007305C3 /* Main.storyboard in Resources */,
				33D239161B6093C4007305C3 /* LaunchScreen.xib in Resources */,
				33D239131B6093C4007305C3 /* Images.xcassets in Resources */,
			);
			runOnlyForDeploymentPostprocessing = 0;
		};
		33D239191B6093C5007305C3 /* Resources */ = {
			isa = PBXResourcesBuildPhase;
			buildActionMask = 2147483647;
			files = (
			);
			runOnlyForDeploymentPostprocessing = 0;
		};
/* End PBXResourcesBuildPhase section */

/* Begin PBXSourcesBuildPhase section */
		33D239021B6093C4007305C3 /* Sources */ = {
			isa = PBXSourcesBuildPhase;
			buildActionMask = 2147483647;
			files = (
				33E874FC1B71CB6F00E428BA /* RecordedAudio.swift in Sources */,
				33D2390E1B6093C4007305C3 /* RecordSoundsViewController.swift in Sources */,
				33FB91BA1B75D88300E36CBD /* README.md in Sources */,
				33B138CA1B70A703004EA3DC /* PlaySoundsViewController.swift in Sources */,
				33D2390C1B6093C4007305C3 /* AppDelegate.swift in Sources */,
			);
			runOnlyForDeploymentPostprocessing = 0;
		};
		33D239171B6093C5007305C3 /* Sources */ = {
			isa = PBXSourcesBuildPhase;
			buildActionMask = 2147483647;
			files = (
				33D239221B6093C5007305C3 /* Pitch_PerfectTests.swift in Sources */,
			);
			runOnlyForDeploymentPostprocessing = 0;
		};
/* End PBXSourcesBuildPhase section */

/* Begin PBXTargetDependency section */
		33D2391D1B6093C5007305C3 /* PBXTargetDependency */ = {
			isa = PBXTargetDependency;
			target = 33D239051B6093C4007305C3 /* Pitch Perfect */;
			targetProxy = 33D2391C1B6093C5007305C3 /* PBXContainerItemProxy */;
		};
/* End PBXTargetDependency section */

/* Begin PBXVariantGroup section */
		33D2390F1B6093C4007305C3 /* Main.storyboard */ = {
			isa = PBXVariantGroup;
			children = (
				33D239101B6093C4007305C3 /* Base */,
			);
			name = Main.storyboard;
			sourceTree = "<group>";
		};
		33D239141B6093C4007305C3 /* LaunchScreen.xib */ = {
			isa = PBXVariantGroup;
			children = (
				33D239151B6093C4007305C3 /* Base */,
			);
			name = LaunchScreen.xib;
			sourceTree = "<group>";
		};
/* End PBXVariantGroup section */

/* Begin XCBuildConfiguration section */
		33D239231B6093C5007305C3 /* Debug */ = {
			isa = XCBuildConfiguration;
			buildSettings = {
				ALWAYS_SEARCH_USER_PATHS = NO;
				CLANG_CXX_LANGUAGE_STANDARD = "gnu++0x";
				CLANG_CXX_LIBRARY = "libc++";
				CLANG_ENABLE_MODULES = YES;
				CLANG_ENABLE_OBJC_ARC = YES;
				CLANG_WARN_BOOL_CONVERSION = YES;
				CLANG_WARN_CONSTANT_CONVERSION = YES;
				CLANG_WARN_DIRECT_OBJC_ISA_USAGE = YES_ERROR;
				CLANG_WARN_EMPTY_BODY = YES;
				CLANG_WARN_ENUM_CONVERSION = YES;
				CLANG_WARN_INT_CONVERSION = YES;
				CLANG_WARN_OBJC_ROOT_CLASS = YES_ERROR;
				CLANG_WARN_UNREACHABLE_CODE = YES;
				CLANG_WARN__DUPLICATE_METHOD_MATCH = YES;
				"CODE_SIGN_IDENTITY[sdk=iphoneos*]" = "iPhone Developer";
				COPY_PHASE_STRIP = NO;
				DEBUG_INFORMATION_FORMAT = "dwarf-with-dsym";
				ENABLE_STRICT_OBJC_MSGSEND = YES;
				GCC_C_LANGUAGE_STANDARD = gnu99;
				GCC_DYNAMIC_NO_PIC = NO;
				GCC_NO_COMMON_BLOCKS = YES;
				GCC_OPTIMIZATION_LEVEL = 0;
				GCC_PREPROCESSOR_DEFINITIONS = (
					"DEBUG=1",
					"$(inherited)",
				);
				GCC_SYMBOLS_PRIVATE_EXTERN = NO;
				GCC_WARN_64_TO_32_BIT_CONVERSION = YES;
				GCC_WARN_ABOUT_RETURN_TYPE = YES_ERROR;
				GCC_WARN_UNDECLARED_SELECTOR = YES;
				GCC_WARN_UNINITIALIZED_AUTOS = YES_AGGRESSIVE;
				GCC_WARN_UNUSED_FUNCTION = YES;
				GCC_WARN_UNUSED_VARIABLE = YES;
				IPHONEOS_DEPLOYMENT_TARGET = 8.4;
				MTL_ENABLE_DEBUG_INFO = YES;
				ONLY_ACTIVE_ARCH = YES;
				SDKROOT = iphoneos;
				SWIFT_OPTIMIZATION_LEVEL = "-Onone";
			};
			name = Debug;
		};
		33D239241B6093C5007305C3 /* Release */ = {
			isa = XCBuildConfiguration;
			buildSettings = {
				ALWAYS_SEARCH_USER_PATHS = NO;
				CLANG_CXX_LANGUAGE_STANDARD = "gnu++0x";
				CLANG_CXX_LIBRARY = "libc++";
				CLANG_ENABLE_MODULES = YES;
				CLANG_ENABLE_OBJC_ARC = YES;
				CLANG_WARN_BOOL_CONVERSION = YES;
				CLANG_WARN_CONSTANT_CONVERSION = YES;
				CLANG_WARN_DIRECT_OBJC_ISA_USAGE = YES_ERROR;
				CLANG_WARN_EMPTY_BODY = YES;
				CLANG_WARN_ENUM_CONVERSION = YES;
				CLANG_WARN_INT_CONVERSION = YES;
				CLANG_WARN_OBJC_ROOT_CLASS = YES_ERROR;
				CLANG_WARN_UNREACHABLE_CODE = YES;
				CLANG_WARN__DUPLICATE_METHOD_MATCH = YES;
				"CODE_SIGN_IDENTITY[sdk=iphoneos*]" = "iPhone Developer";
				COPY_PHASE_STRIP = NO;
				DEBUG_INFORMATION_FORMAT = "dwarf-with-dsym";
				ENABLE_NS_ASSERTIONS = NO;
				ENABLE_STRICT_OBJC_MSGSEND = YES;
				GCC_C_LANGUAGE_STANDARD = gnu99;
				GCC_NO_COMMON_BLOCKS = YES;
				GCC_WARN_64_TO_32_BIT_CONVERSION = YES;
				GCC_WARN_ABOUT_RETURN_TYPE = YES_ERROR;
				GCC_WARN_UNDECLARED_SELECTOR = YES;
				GCC_WARN_UNINITIALIZED_AUTOS = YES_AGGRESSIVE;
				GCC_WARN_UNUSED_FUNCTION = YES;
				GCC_WARN_UNUSED_VARIABLE = YES;
				IPHONEOS_DEPLOYMENT_TARGET = 8.4;
				MTL_ENABLE_DEBUG_INFO = NO;
				SDKROOT = iphoneos;
				VALIDATE_PRODUCT = YES;
			};
			name = Release;
		};
		33D239261B6093C5007305C3 /* Debug */ = {
			isa = XCBuildConfiguration;
			buildSettings = {
				ASSETCATALOG_COMPILER_APPICON_NAME = AppIcon;
				CODE_SIGN_IDENTITY = "iPhone Developer";
				INFOPLIST_FILE = "Pitch Perfect/Info.plist";
				LD_RUNPATH_SEARCH_PATHS = "$(inherited) @executable_path/Frameworks";
				PRODUCT_NAME = "$(TARGET_NAME)";
			};
			name = Debug;
		};
		33D239271B6093C5007305C3 /* Release */ = {
			isa = XCBuildConfiguration;
			buildSettings = {
				ASSETCATALOG_COMPILER_APPICON_NAME = AppIcon;
				CODE_SIGN_IDENTITY = "iPhone Developer";
				INFOPLIST_FILE = "Pitch Perfect/Info.plist";
				LD_RUNPATH_SEARCH_PATHS = "$(inherited) @executable_path/Frameworks";
				PRODUCT_NAME = "$(TARGET_NAME)";
			};
			name = Release;
		};
		33D239291B6093C5007305C3 /* Debug */ = {
			isa = XCBuildConfiguration;
			buildSettings = {
				BUNDLE_LOADER = "$(TEST_HOST)";
				FRAMEWORK_SEARCH_PATHS = (
					"$(SDKROOT)/Developer/Library/Frameworks",
					"$(inherited)",
				);
				GCC_PREPROCESSOR_DEFINITIONS = (
					"DEBUG=1",
					"$(inherited)",
				);
				INFOPLIST_FILE = "Pitch PerfectTests/Info.plist";
				LD_RUNPATH_SEARCH_PATHS = "$(inherited) @executable_path/Frameworks @loader_path/Frameworks";
				PRODUCT_NAME = "$(TARGET_NAME)";
				TEST_HOST = "$(BUILT_PRODUCTS_DIR)/Pitch Perfect.app/Pitch Perfect";
			};
			name = Debug;
		};
		33D2392A1B6093C5007305C3 /* Release */ = {
			isa = XCBuildConfiguration;
			buildSettings = {
				BUNDLE_LOADER = "$(TEST_HOST)";
				FRAMEWORK_SEARCH_PATHS = (
					"$(SDKROOT)/Developer/Library/Frameworks",
					"$(inherited)",
				);
				INFOPLIST_FILE = "Pitch PerfectTests/Info.plist";
				LD_RUNPATH_SEARCH_PATHS = "$(inherited) @executable_path/Frameworks @loader_path/Frameworks";
				PRODUCT_NAME = "$(TARGET_NAME)";
				TEST_HOST = "$(BUILT_PRODUCTS_DIR)/Pitch Perfect.app/Pitch Perfect";
			};
			name = Release;
		};
/* End XCBuildConfiguration section */

/* Begin XCConfigurationList section */
		33D239011B6093C4007305C3 /* Build configuration list for PBXProject "Pitch Perfect" */ = {
			isa = XCConfigurationList;
			buildConfigurations = (
				33D239231B6093C5007305C3 /* Debug */,
				33D239241B6093C5007305C3 /* Release */,
			);
			defaultConfigurationIsVisible = 0;
			defaultConfigurationName = Release;
		};
		33D239251B6093C5007305C3 /* Build configuration list for PBXNativeTarget "Pitch Perfect" */ = {
			isa = XCConfigurationList;
			buildConfigurations = (
				33D239261B6093C5007305C3 /* Debug */,
				33D239271B6093C5007305C3 /* Release */,
			);
			defaultConfigurationIsVisible = 0;
			defaultConfigurationName = Release;
		};
		33D239281B6093C5007305C3 /* Build configuration list for PBXNativeTarget "Pitch PerfectTests" */ = {
			isa = XCConfigurationList;
			buildConfigurations = (
				33D239291B6093C5007305C3 /* Debug */,
				33D2392A1B6093C5007305C3 /* Release */,
			);
			defaultConfigurationIsVisible = 0;
			defaultConfigurationName = Release;
		};
/* End XCConfigurationList section */
	};
	rootObject = 33D238FE1B6093C4007305C3 /* Project object */;
}
